
Microsoft Visual Studio Solution File, Format Version 12.00
# Visual Studio Version 17
VisualStudioVersion = 17.7.34031.279
MinimumVisualStudioVersion = 10.0.40219.1
Project("{FAE04EC0-301F-11D3-BF4B-00C04F79EFBC}") = "Lab_1", "Lab_1\Lab_1.csproj", "{27A3FB29-6FC0-414B-AA4C-07FBDD44944B}"
EndProject
Global
	GlobalSection(SolutionConfigurationPlatforms) = preSolution
		Debug|Any CPU = Debug|Any CPU
		Release|Any CPU = Release|Any CPU
	EndGlobalSection
	GlobalSection(ProjectConfigurationPlatforms) = postSolution
		{27A3FB29-6FC0-414B-AA4C-07FBDD44944B}.Debug|Any CPU.ActiveCfg = Debug|Any CPU
		{27A3FB29-6FC0-414B-AA4C-07FBDD44944B}.Debug|Any CPU.Build.0 = Debug|Any CPU
		{27A3FB29-6FC0-414B-AA4C-07FBDD44944B}.Release|Any CPU.ActiveCfg = Release|Any CPU
		{27A3FB29-6FC0-414B-AA4C-07FBDD44944B}.Release|Any CPU.Build.0 = Release|Any CPU
	EndGlobalSection
	GlobalSection(SolutionProperties) = preSolution
		HideSolutionNode = FALSE
	EndGlobalSection
	GlobalSection(ExtensibilityGlobals) = postSolution
		SolutionGuid = {FF9FC660-5888-43BF-B5E9-FE0140F9FA02}
	EndGlobalSection
EndGlobal
